
Microsoft Visual Studio Solution File, Format Version 12.00
# Visual Studio Version 17
VisualStudioVersion = 17.11.35222.181
MinimumVisualStudioVersion = 10.0.40219.1
Project("{FAE04EC0-301F-11D3-BF4B-00C04F79EFBC}") = "OOP2B_2425_OOPCalculator", "OOP2B_2425_OOPCalculator\OOP2B_2425_OOPCalculator.csproj", "{A11AC545-9F41-40DC-AFAE-C6A376D15FB9}"
EndProject
Global
	GlobalSection(SolutionConfigurationPlatforms) = preSolution
		Debug|Any CPU = Debug|Any CPU
		Release|Any CPU = Release|Any CPU
	EndGlobalSection
	GlobalSection(ProjectConfigurationPlatforms) = postSolution
		{A11AC545-9F41-40DC-AFAE-C6A376D15FB9}.Debug|Any CPU.ActiveCfg = Debug|Any CPU
		{A11AC545-9F41-40DC-AFAE-C6A376D15FB9}.Debug|Any CPU.Build.0 = Debug|Any CPU
		{A11AC545-9F41-40DC-AFAE-C6A376D15FB9}.Release|Any CPU.ActiveCfg = Release|Any CPU
		{A11AC545-9F41-40DC-AFAE-C6A376D15FB9}.Release|Any CPU.Build.0 = Release|Any CPU
	EndGlobalSection
	GlobalSection(SolutionProperties) = preSolution
		HideSolutionNode = FALSE
	EndGlobalSection
	GlobalSection(ExtensibilityGlobals) = postSolution
		SolutionGuid = {B09B04A7-5451-45E6-B0A6-B5D79137A2A9}
	EndGlobalSection
EndGlobal
